// !$*UTF8*$!
{
	archiveVersion = 1;
	classes = {
	};
	objectVersion = 48;
	objects = {

/* Begin PBXBuildFile section */
		2EED1AF71FBCED6000F8CC8D /* AppDelegate.swift in Sources */ = {isa = PBXBuildFile; fileRef = 2EED1AF61FBCED6000F8CC8D /* AppDelegate.swift */; };
		2EED1AF91FBCED6000F8CC8D /* ViewController.swift in Sources */ = {isa = PBXBuildFile; fileRef = 2EED1AF81FBCED6000F8CC8D /* ViewController.swift */; };
		2EED1AFC1FBCED6000F8CC8D /* Main.storyboard in Resources */ = {isa = PBXBuildFile; fileRef = 2EED1AFA1FBCED6000F8CC8D /* Main.storyboard */; };
		2EED1AFF1FBCED6000F8CC8D /* FinalLibby.xcdatamodeld in Sources */ = {isa = PBXBuildFile; fileRef = 2EED1AFD1FBCED6000F8CC8D /* FinalLibby.xcdatamodeld */; };
		2EED1B011FBCED6000F8CC8D /* Assets.xcassets in Resources */ = {isa = PBXBuildFile; fileRef = 2EED1B001FBCED6000F8CC8D /* Assets.xcassets */; };
		2EED1B041FBCED6000F8CC8D /* LaunchScreen.storyboard in Resources */ = {isa = PBXBuildFile; fileRef = 2EED1B021FBCED6000F8CC8D /* LaunchScreen.storyboard */; };
/* End PBXBuildFile section */

/* Begin PBXFileReference section */
		2EED1AF31FBCED6000F8CC8D /* FinalLibby.app */ = {isa = PBXFileReference; explicitFileType = wrapper.application; includeInIndex = 0; path = FinalLibby.app; sourceTree = BUILT_PRODUCTS_DIR; };
		2EED1AF61FBCED6000F8CC8D /* AppDelegate.swift */ = {isa = PBXFileReference; lastKnownFileType = sourcecode.swift; path = AppDelegate.swift; sourceTree = "<group>"; };
		2EED1AF81FBCED6000F8CC8D /* ViewController.swift */ = {isa = PBXFileReference; lastKnownFileType = sourcecode.swift; path = ViewController.swift; sourceTree = "<group>"; };
		2EED1AFB1FBCED6000F8CC8D /* Base */ = {isa = PBXFileReference; lastKnownFileType = file.storyboard; name = Base; path = Base.lproj/Main.storyboard; sourceTree = "<group>"; };
		2EED1AFE1FBCED6000F8CC8D /* FinalLibby.xcdatamodel */ = {isa = PBXFileReference; lastKnownFileType = wrapper.xcdatamodel; path = FinalLibby.xcdatamodel; sourceTree = "<group>"; };
		2EED1B001FBCED6000F8CC8D /* Assets.xcassets */ = {isa = PBXFileReference; lastKnownFileType = folder.assetcatalog; path = Assets.xcassets; sourceTree = "<group>"; };
		2EED1B031FBCED6000F8CC8D /* Base */ = {isa = PBXFileReference; lastKnownFileType = file.storyboard; name = Base; path = Base.lproj/LaunchScreen.storyboard; sourceTree = "<group>"; };
		2EED1B051FBCED6000F8CC8D /* Info.plist */ = {isa = PBXFileReference; lastKnownFileType = text.plist.xml; path = Info.plist; sourceTree = "<group>"; };
/* End PBXFileReference section */

/* Begin PBXFrameworksBuildPhase section */
		2EED1AF01FBCED5F00F8CC8D /* Frameworks */ = {
			isa = PBXFrameworksBuildPhase;
			buildActionMask = 2147483647;
			files = (
			);
			runOnlyForDeploymentPostprocessing = 0;
		};
/* End PBXFrameworksBuildPhase section */

/* Begin PBXGroup section */
		2EED1AEA1FBCED5F00F8CC8D = {
			isa = PBXGroup;
			children = (
				2EED1AF51FBCED6000F8CC8D /* FinalLibby */,
				2EED1AF41FBCED6000F8CC8D /* Products */,
			);
			sourceTree = "<group>";
		};
		2EED1AF41FBCED6000F8CC8D /* Products */ = {
			isa = PBXGroup;
			children = (
				2EED1AF31FBCED6000F8CC8D /* FinalLibby.app */,
			);
			name = Products;
			sourceTree = "<group>";
		};
		2EED1AF51FBCED6000F8CC8D /* FinalLibby */ = {
			isa = PBXGroup;
			children = (
				2EED1AF61FBCED6000F8CC8D /* AppDelegate.swift */,
				2EED1AF81FBCED6000F8CC8D /* ViewController.swift */,
				2EED1AFA1FBCED6000F8CC8D /* Main.storyboard */,
				2EED1B001FBCED6000F8CC8D /* Assets.xcassets */,
				2EED1B021FBCED6000F8CC8D /* LaunchScreen.storyboard */,
				2EED1B051FBCED6000F8CC8D /* Info.plist */,
				2EED1AFD1FBCED6000F8CC8D /* FinalLibby.xcdatamodeld */,
			);
			path = FinalLibby;
			sourceTree = "<group>";
		};
/* End PBXGroup section */

/* Begin PBXNativeTarget section */
		2EED1AF21FBCED5F00F8CC8D /* FinalLibby */ = {
			isa = PBXNativeTarget;
			buildConfigurationList = 2EED1B081FBCED6000F8CC8D /* Build configuration list for PBXNativeTarget "FinalLibby" */;
			buildPhases = (
				2EED1AEF1FBCED5F00F8CC8D /* Sources */,
				2EED1AF01FBCED5F00F8CC8D /* Frameworks */,
				2EED1AF11FBCED5F00F8CC8D /* Resources */,
			);
			buildRules = (
			);
			dependencies = (
			);
			name = FinalLibby;
			productName = FinalLibby;
			productReference = 2EED1AF31FBCED6000F8CC8D /* FinalLibby.app */;
			productType = "com.apple.product-type.application";
		};
/* End PBXNativeTarget section */

/* Begin PBXProject section */
		2EED1AEB1FBCED5F00F8CC8D /* Project object */ = {
			isa = PBXProject;
			attributes = {
				LastSwiftUpdateCheck = 0910;
				LastUpgradeCheck = 0910;
				ORGANIZATIONNAME = "Katie Stovall";
				TargetAttributes = {
					2EED1AF21FBCED5F00F8CC8D = {
						CreatedOnToolsVersion = 9.1;
						ProvisioningStyle = Automatic;
					};
				};
			};
			buildConfigurationList = 2EED1AEE1FBCED5F00F8CC8D /* Build configuration list for PBXProject "FinalLibby" */;
			compatibilityVersion = "Xcode 8.0";
			developmentRegion = en;
			hasScannedForEncodings = 0;
			knownRegions = (
				en,
				Base,
			);
			mainGroup = 2EED1AEA1FBCED5F00F8CC8D;
			productRefGroup = 2EED1AF41FBCED6000F8CC8D /* Products */;
			projectDirPath = "";
			projectRoot = "";
			targets = (
				2EED1AF21FBCED5F00F8CC8D /* FinalLibby */,
			);
		};
/* End PBXProject section */

/* Begin PBXResourcesBuildPhase section */
		2EED1AF11FBCED5F00F8CC8D /* Resources */ = {
			isa = PBXResourcesBuildPhase;
			buildActionMask = 2147483647;
			files = (
				2EED1B041FBCED6000F8CC8D /* LaunchScreen.storyboard in Resources */,
				2EED1B011FBCED6000F8CC8D /* Assets.xcassets in Resources */,
				2EED1AFC1FBCED6000F8CC8D /* Main.storyboard in Resources */,
			);
			runOnlyForDeploymentPostprocessing = 0;
		};
/* End PBXResourcesBuildPhase section */

/* Begin PBXSourcesBuildPhase section */
		2EED1AEF1FBCED5F00F8CC8D /* Sources */ = {
			isa = PBXSourcesBuildPhase;
			buildActionMask = 2147483647;
			files = (
				2EED1AF91FBCED6000F8CC8D /* ViewController.swift in Sources */,
				2EED1AFF1FBCED6000F8CC8D /* FinalLibby.xcdatamodeld in Sources */,
				2EED1AF71FBCED6000F8CC8D /* AppDelegate.swift in Sources */,
			);
			runOnlyForDeploymentPostprocessing = 0;
		};
/* End PBXSourcesBuildPhase section */

/* Begin PBXVariantGroup section */
		2EED1AFA1FBCED6000F8CC8D /* Main.storyboard */ = {
			isa = PBXVariantGroup;
			children = (
				2EED1AFB1FBCED6000F8CC8D /* Base */,
			);
			name = Main.storyboard;
			sourceTree = "<group>";
		};
		2EED1B021FBCED6000F8CC8D /* LaunchScreen.storyboard */ = {
			isa = PBXVariantGroup;
			children = (
				2EED1B031FBCED6000F8CC8D /* Base */,
			);
			name = LaunchScreen.storyboard;
			sourceTree = "<group>";
		};
/* End PBXVariantGroup section */

/* Begin XCBuildConfiguration section */
		2EED1B061FBCED6000F8CC8D /* Debug */ = {
			isa = XCBuildConfiguration;
			buildSettings = {
				ALWAYS_SEARCH_USER_PATHS = NO;
				CLANG_ANALYZER_NONNULL = YES;
				CLANG_ANALYZER_NUMBER_OBJECT_CONVERSION = YES_AGGRESSIVE;
				CLANG_CXX_LANGUAGE_STANDARD = "gnu++14";
				CLANG_CXX_LIBRARY = "libc++";
				CLANG_ENABLE_MODULES = YES;
				CLANG_ENABLE_OBJC_ARC = YES;
				CLANG_WARN_BLOCK_CAPTURE_AUTORELEASING = YES;
				CLANG_WARN_BOOL_CONVERSION = YES;
				CLANG_WARN_COMMA = YES;
				CLANG_WARN_CONSTANT_CONVERSION = YES;
				CLANG_WARN_DIRECT_OBJC_ISA_USAGE = YES_ERROR;
				CLANG_WARN_DOCUMENTATION_COMMENTS = YES;
				CLANG_WARN_EMPTY_BODY = YES;
				CLANG_WARN_ENUM_CONVERSION = YES;
				CLANG_WARN_INFINITE_RECURSION = YES;
				CLANG_WARN_INT_CONVERSION = YES;
				CLANG_WARN_NON_LITERAL_NULL_CONVERSION = YES;
				CLANG_WARN_OBJC_LITERAL_CONVERSION = YES;
				CLANG_WARN_OBJC_ROOT_CLASS = YES_ERROR;
				CLANG_WARN_RANGE_LOOP_ANALYSIS = YES;
				CLANG_WARN_STRICT_PROTOTYPES = YES;
				CLANG_WARN_SUSPICIOUS_MOVE = YES;
				CLANG_WARN_UNGUARDED_AVAILABILITY = YES_AGGRESSIVE;
				CLANG_WARN_UNREACHABLE_CODE = YES;
				CLANG_WARN__DUPLICATE_METHOD_MATCH = YES;
				CODE_SIGN_IDENTITY = "iPhone Developer";
				COPY_PHASE_STRIP = NO;
				DEBUG_INFORMATION_FORMAT = dwarf;
				ENABLE_STRICT_OBJC_MSGSEND = YES;
				ENABLE_TESTABILITY = YES;
				GCC_C_LANGUAGE_STANDARD = gnu11;
				GCC_DYNAMIC_NO_PIC = NO;
				GCC_NO_COMMON_BLOCKS = YES;
				GCC_OPTIMIZATION_LEVEL = 0;
				GCC_PREPROCESSOR_DEFINITIONS = (
					"DEBUG=1",
					"$(inherited)",
				);
				GCC_WARN_64_TO_32_BIT_CONVERSION = YES;
				GCC_WARN_ABOUT_RETURN_TYPE = YES_ERROR;
				GCC_WARN_UNDECLARED_SELECTOR = YES;
				GCC_WARN_UNINITIALIZED_AUTOS = YES_AGGRESSIVE;
				GCC_WARN_UNUSED_FUNCTION = YES;
				GCC_WARN_UNUSED_VARIABLE = YES;
				IPHONEOS_DEPLOYMENT_TARGET = 11.1;
				MTL_ENABLE_DEBUG_INFO = YES;
				ONLY_ACTIVE_ARCH = YES;
				SDKROOT = iphoneos;
				SWIFT_ACTIVE_COMPILATION_CONDITIONS = DEBUG;
				SWIFT_OPTIMIZATION_LEVEL = "-Onone";
			};
			name = Debug;
		};
		2EED1B071FBCED6000F8CC8D /* Release */ = {
			isa = XCBuildConfiguration;
			buildSettings = {
				ALWAYS_SEARCH_USER_PATHS = NO;
				CLANG_ANALYZER_NONNULL = YES;
				CLANG_ANALYZER_NUMBER_OBJECT_CONVERSION = YES_AGGRESSIVE;
				CLANG_CXX_LANGUAGE_STANDARD = "gnu++14";
				CLANG_CXX_LIBRARY = "libc++";
				CLANG_ENABLE_MODULES = YES;
				CLANG_ENABLE_OBJC_ARC = YES;
				CLANG_WARN_BLOCK_CAPTURE_AUTORELEASING = YES;
				CLANG_WARN_BOOL_CONVERSION = YES;
				CLANG_WARN_COMMA = YES;
				CLANG_WARN_CONSTANT_CONVERSION = YES;
				CLANG_WARN_DIRECT_OBJC_ISA_USAGE = YES_ERROR;
				CLANG_WARN_DOCUMENTATION_COMMENTS = YES;
				CLANG_WARN_EMPTY_BODY = YES;
				CLANG_WARN_ENUM_CONVERSION = YES;
				CLANG_WARN_INFINITE_RECURSION = YES;
				CLANG_WARN_INT_CONVERSION = YES;
				CLANG_WARN_NON_LITERAL_NULL_CONVERSION = YES;
				CLANG_WARN_OBJC_LITERAL_CONVERSION = YES;
				CLANG_WARN_OBJC_ROOT_CLASS = YES_ERROR;
				CLANG_WARN_RANGE_LOOP_ANALYSIS = YES;
				CLANG_WARN_STRICT_PROTOTYPES = YES;
				CLANG_WARN_SUSPICIOUS_MOVE = YES;
				CLANG_WARN_UNGUARDED_AVAILABILITY = YES_AGGRESSIVE;
				CLANG_WARN_UNREACHABLE_CODE = YES;
				CLANG_WARN__DUPLICATE_METHOD_MATCH = YES;
				CODE_SIGN_IDENTITY = "iPhone Developer";
				COPY_PHASE_STRIP = NO;
				DEBUG_INFORMATION_FORMAT = "dwarf-with-dsym";
				ENABLE_NS_ASSERTIONS = NO;
				ENABLE_STRICT_OBJC_MSGSEND = YES;
				GCC_C_LANGUAGE_STANDARD = gnu11;
				GCC_NO_COMMON_BLOCKS = YES;
				GCC_WARN_64_TO_32_BIT_CONVERSION = YES;
				GCC_WARN_ABOUT_RETURN_TYPE = YES_ERROR;
				GCC_WARN_UNDECLARED_SELECTOR = YES;
				GCC_WARN_UNINITIALIZED_AUTOS = YES_AGGRESSIVE;
				GCC_WARN_UNUSED_FUNCTION = YES;
				GCC_WARN_UNUSED_VARIABLE = YES;
				IPHONEOS_DEPLOYMENT_TARGET = 11.1;
				MTL_ENABLE_DEBUG_INFO = NO;
				SDKROOT = iphoneos;
				SWIFT_OPTIMIZATION_LEVEL = "-Owholemodule";
				VALIDATE_PRODUCT = YES;
			};
			name = Release;
		};
		2EED1B091FBCED6000F8CC8D /* Debug */ = {
			isa = XCBuildConfiguration;
			buildSettings = {
				ASSETCATALOG_COMPILER_APPICON_NAME = AppIcon;
				CODE_SIGN_STYLE = Automatic;
				DEVELOPMENT_TEAM = WW565432YK;
				INFOPLIST_FILE = FinalLibby/Info.plist;
				LD_RUNPATH_SEARCH_PATHS = "$(inherited) @executable_path/Frameworks";
				PRODUCT_BUNDLE_IDENTIFIER = MobileAppDev.FinalLibby;
				PRODUCT_NAME = "$(TARGET_NAME)";
				SWIFT_VERSION = 4.0;
				TARGETED_DEVICE_FAMILY = "1,2";
			};
			name = Debug;
		};
		2EED1B0A1FBCED6000F8CC8D /* Release */ = {
			isa = XCBuildConfiguration;
			buildSettings = {
				ASSETCATALOG_COMPILER_APPICON_NAME = AppIcon;
				CODE_SIGN_STYLE = Automatic;
				DEVELOPMENT_TEAM = WW565432YK;
				INFOPLIST_FILE = FinalLibby/Info.plist;
				LD_RUNPATH_SEARCH_PATHS = "$(inherited) @executable_path/Frameworks";
				PRODUCT_BUNDLE_IDENTIFIER = MobileAppDev.FinalLibby;
				PRODUCT_NAME = "$(TARGET_NAME)";
				SWIFT_VERSION = 4.0;
				TARGETED_DEVICE_FAMILY = "1,2";
			};
			name = Release;
		};
/* End XCBuildConfiguration section */

/* Begin XCConfigurationList section */
		2EED1AEE1FBCED5F00F8CC8D /* Build configuration list for PBXProject "FinalLibby" */ = {
			isa = XCConfigurationList;
			buildConfigurations = (
				2EED1B061FBCED6000F8CC8D /* Debug */,
				2EED1B071FBCED6000F8CC8D /* Release */,
			);
			defaultConfigurationIsVisible = 0;
			defaultConfigurationName = Release;
		};
		2EED1B081FBCED6000F8CC8D /* Build configuration list for PBXNativeTarget "FinalLibby" */ = {
			isa = XCConfigurationList;
			buildConfigurations = (
				2EED1B091FBCED6000F8CC8D /* Debug */,
				2EED1B0A1FBCED6000F8CC8D /* Release */,
			);
			defaultConfigurationIsVisible = 0;
			defaultConfigurationName = Release;
		};
/* End XCConfigurationList section */

/* Begin XCVersionGroup section */
		2EED1AFD1FBCED6000F8CC8D /* FinalLibby.xcdatamodeld */ = {
			isa = XCVersionGroup;
			children = (
				2EED1AFE1FBCED6000F8CC8D /* FinalLibby.xcdatamodel */,
			);
			currentVersion = 2EED1AFE1FBCED6000F8CC8D /* FinalLibby.xcdatamodel */;
			path = FinalLibby.xcdatamodeld;
			sourceTree = "<group>";
			versionGroupType = wrapper.xcdatamodel;
		};
/* End XCVersionGroup section */
	};
	rootObject = 2EED1AEB1FBCED5F00F8CC8D /* Project object */;
}
